
Microsoft Visual Studio Solution File, Format Version 12.00
# Visual Studio Express 14 for Windows Desktop
VisualStudioVersion = 14.0.23107.0
MinimumVisualStudioVersion = 10.0.40219.1
Project("{FAE04EC0-301F-11D3-BF4B-00C04F79EFBC}") = "trans.test", "trans.test\trans.test.csproj", "{9C0E2DD0-182A-429E-B397-7BA2A98B6889}"
	ProjectSection(ProjectDependencies) = postProject
		{6DD5398F-F593-4693-A603-BEDBC506CC08} = {6DD5398F-F593-4693-A603-BEDBC506CC08}
	EndProjectSection
EndProject
Project("{FAE04EC0-301F-11D3-BF4B-00C04F79EFBC}") = "UnitTests", "UnitTests\UnitTests.csproj", "{6DD5398F-F593-4693-A603-BEDBC506CC08}"
EndProject
Global
	GlobalSection(SolutionConfigurationPlatforms) = preSolution
		Debug|Any CPU = Debug|Any CPU
		Release|Any CPU = Release|Any CPU
	EndGlobalSection
	GlobalSection(ProjectConfigurationPlatforms) = postSolution
		{9C0E2DD0-182A-429E-B397-7BA2A98B6889}.Debug|Any CPU.ActiveCfg = Debug|Any CPU
		{9C0E2DD0-182A-429E-B397-7BA2A98B6889}.Debug|Any CPU.Build.0 = Debug|Any CPU
		{9C0E2DD0-182A-429E-B397-7BA2A98B6889}.Release|Any CPU.ActiveCfg = Release|Any CPU
		{9C0E2DD0-182A-429E-B397-7BA2A98B6889}.Release|Any CPU.Build.0 = Release|Any CPU
		{6DD5398F-F593-4693-A603-BEDBC506CC08}.Debug|Any CPU.ActiveCfg = Debug|Any CPU
		{6DD5398F-F593-4693-A603-BEDBC506CC08}.Debug|Any CPU.Build.0 = Debug|Any CPU
		{6DD5398F-F593-4693-A603-BEDBC506CC08}.Release|Any CPU.ActiveCfg = Release|Any CPU
		{6DD5398F-F593-4693-A603-BEDBC506CC08}.Release|Any CPU.Build.0 = Release|Any CPU
	EndGlobalSection
	GlobalSection(SolutionProperties) = preSolution
		HideSolutionNode = FALSE
	EndGlobalSection
EndGlobal
